{
  "requires": true,
  "lockfileVersion": 1,
  "dependencies": {
    "howler": {
      "version": "2.1.0",
      "resolved": "https://registry.npmjs.org/howler/-/howler-2.1.0.tgz",
      "integrity": "sha512-/HK8g6bLRNtzNG+HKUEWR/9DguRkgE2IpbIoyyAPTP/jhTJJR/2x4ovAp8pFyJSnpkeXZ6366Gi7LYaXnn2hJw=="
    }
  }
}
